
Microsoft Visual Studio Solution File, Format Version 12.00
# Visual Studio Version 16
VisualStudioVersion = 16.0.29102.190
MinimumVisualStudioVersion = 10.0.40219.1
Project("{888888A0-9F3D-457C-B088-3A5042F75D52}") = "Python Appstore API", "src\Python Appstore API.pyproj", "{CEA4E09A-2AEA-4CE8-A26E-BF704C46BF38}"
EndProject
Project("{888888A0-9F3D-457C-B088-3A5042F75D52}") = "Python Appstore API Test", "test\Python Appstore API Test.pyproj", "{941C77A5-933E-4D90-A6AE-5C40E32EAB69}"
EndProject
Global
	GlobalSection(SolutionConfigurationPlatforms) = preSolution
		Debug|Any CPU = Debug|Any CPU
		Release|Any CPU = Release|Any CPU
	EndGlobalSection
	GlobalSection(ProjectConfigurationPlatforms) = postSolution
		{CEA4E09A-2AEA-4CE8-A26E-BF704C46BF38}.Debug|Any CPU.ActiveCfg = Debug|Any CPU
		{CEA4E09A-2AEA-4CE8-A26E-BF704C46BF38}.Release|Any CPU.ActiveCfg = Release|Any CPU
		{941C77A5-933E-4D90-A6AE-5C40E32EAB69}.Debug|Any CPU.ActiveCfg = Debug|Any CPU
		{941C77A5-933E-4D90-A6AE-5C40E32EAB69}.Release|Any CPU.ActiveCfg = Release|Any CPU
	EndGlobalSection
	GlobalSection(SolutionProperties) = preSolution
		HideSolutionNode = FALSE
	EndGlobalSection
	GlobalSection(ExtensibilityGlobals) = postSolution
		SolutionGuid = {B21E5EE8-339F-434B-B339-316F128ACE0F}
	EndGlobalSection
EndGlobal
